
Microsoft Visual Studio Solution File, Format Version 12.00
# Visual Studio 14
VisualStudioVersion = 14.0.22823.1
MinimumVisualStudioVersion = 10.0.40219.1
Project("{FAE04EC0-301F-11D3-BF4B-00C04F79EFBC}") = "Dargon.Nest", "Dargon.Nest\Dargon.Nest.csproj", "{FEC88CE6-2D59-41DA-9608-00EF6EC91E76}"
EndProject
Project("{FAE04EC0-301F-11D3-BF4B-00C04F79EFBC}") = "Dargon.Nest.Exeggutor.Impl", "Dargon.Nest.Exeggutor.Impl\Dargon.Nest.Exeggutor.Impl.csproj", "{FD02D2EF-27FA-4C6A-A8D0-9CB4A7FBD5BC}"
EndProject
Project("{FAE04EC0-301F-11D3-BF4B-00C04F79EFBC}") = "Dargon.Nest.Egg.Api", "Dargon.Nest.Egg.Api\Dargon.Nest.Egg.Api.csproj", "{52AC94A1-A1C0-43B2-8B1B-001CC11518BE}"
EndProject
Project("{FAE04EC0-301F-11D3-BF4B-00C04F79EFBC}") = "Dargon.Nest.Exeggutor.Host.Api", "Dargon.Nest.Exeggutor.Host.Api\Dargon.Nest.Exeggutor.Host.Api.csproj", "{9C76F6EE-DAC8-436A-8623-A8578353DFB9}"
EndProject
Project("{FAE04EC0-301F-11D3-BF4B-00C04F79EFBC}") = "nest", "nest\nest.csproj", "{8DA20E5B-AF5D-4494-AC0C-6646019FA36E}"
EndProject
Project("{FAE04EC0-301F-11D3-BF4B-00C04F79EFBC}") = "nestd", "nestd\nestd.csproj", "{6A07D05B-4C55-44A7-A13F-43CF768A6ADF}"
EndProject
Project("{FAE04EC0-301F-11D3-BF4B-00C04F79EFBC}") = "nest-host", "nest-host\nest-host.csproj", "{AA159659-6988-4A37-B849-8F2C090E415C}"
EndProject
Project("{FAE04EC0-301F-11D3-BF4B-00C04F79EFBC}") = "dev-egg-example", "dev-egg-example\dev-egg-example.csproj", "{8984953E-7540-4F93-919B-139A6A7C7A07}"
EndProject
Project("{FAE04EC0-301F-11D3-BF4B-00C04F79EFBC}") = "dev-egg-runner", "dev-egg-runner\dev-egg-runner.csproj", "{402F5C4E-504A-4B1E-A881-0C4CFFD3D6ED}"
EndProject
Project("{FAE04EC0-301F-11D3-BF4B-00C04F79EFBC}") = "Dargon.Nest.Exeggutor.Api", "Dargon.Nest.Exeggutor.Api\Dargon.Nest.Exeggutor.Api.csproj", "{7D1D757D-531B-49F0-8F63-B4E3563BE606}"
EndProject
Global
	GlobalSection(SolutionConfigurationPlatforms) = preSolution
		Debug|Any CPU = Debug|Any CPU
		Release|Any CPU = Release|Any CPU
	EndGlobalSection
	GlobalSection(ProjectConfigurationPlatforms) = postSolution
		{FEC88CE6-2D59-41DA-9608-00EF6EC91E76}.Debug|Any CPU.ActiveCfg = Debug|Any CPU
		{FEC88CE6-2D59-41DA-9608-00EF6EC91E76}.Debug|Any CPU.Build.0 = Debug|Any CPU
		{FEC88CE6-2D59-41DA-9608-00EF6EC91E76}.Release|Any CPU.ActiveCfg = Release|Any CPU
		{FEC88CE6-2D59-41DA-9608-00EF6EC91E76}.Release|Any CPU.Build.0 = Release|Any CPU
		{FD02D2EF-27FA-4C6A-A8D0-9CB4A7FBD5BC}.Debug|Any CPU.ActiveCfg = Debug|Any CPU
		{FD02D2EF-27FA-4C6A-A8D0-9CB4A7FBD5BC}.Debug|Any CPU.Build.0 = Debug|Any CPU
		{FD02D2EF-27FA-4C6A-A8D0-9CB4A7FBD5BC}.Release|Any CPU.ActiveCfg = Release|Any CPU
		{FD02D2EF-27FA-4C6A-A8D0-9CB4A7FBD5BC}.Release|Any CPU.Build.0 = Release|Any CPU
		{52AC94A1-A1C0-43B2-8B1B-001CC11518BE}.Debug|Any CPU.ActiveCfg = Debug|Any CPU
		{52AC94A1-A1C0-43B2-8B1B-001CC11518BE}.Debug|Any CPU.Build.0 = Debug|Any CPU
		{52AC94A1-A1C0-43B2-8B1B-001CC11518BE}.Release|Any CPU.ActiveCfg = Release|Any CPU
		{52AC94A1-A1C0-43B2-8B1B-001CC11518BE}.Release|Any CPU.Build.0 = Release|Any CPU
		{9C76F6EE-DAC8-436A-8623-A8578353DFB9}.Debug|Any CPU.ActiveCfg = Debug|Any CPU
		{9C76F6EE-DAC8-436A-8623-A8578353DFB9}.Debug|Any CPU.Build.0 = Debug|Any CPU
		{9C76F6EE-DAC8-436A-8623-A8578353DFB9}.Release|Any CPU.ActiveCfg = Release|Any CPU
		{9C76F6EE-DAC8-436A-8623-A8578353DFB9}.Release|Any CPU.Build.0 = Release|Any CPU
		{8DA20E5B-AF5D-4494-AC0C-6646019FA36E}.Debug|Any CPU.ActiveCfg = Debug|Any CPU
		{8DA20E5B-AF5D-4494-AC0C-6646019FA36E}.Debug|Any CPU.Build.0 = Debug|Any CPU
		{8DA20E5B-AF5D-4494-AC0C-6646019FA36E}.Release|Any CPU.ActiveCfg = Release|Any CPU
		{8DA20E5B-AF5D-4494-AC0C-6646019FA36E}.Release|Any CPU.Build.0 = Release|Any CPU
		{6A07D05B-4C55-44A7-A13F-43CF768A6ADF}.Debug|Any CPU.ActiveCfg = Debug|Any CPU
		{6A07D05B-4C55-44A7-A13F-43CF768A6ADF}.Debug|Any CPU.Build.0 = Debug|Any CPU
		{6A07D05B-4C55-44A7-A13F-43CF768A6ADF}.Release|Any CPU.ActiveCfg = Release|Any CPU
		{6A07D05B-4C55-44A7-A13F-43CF768A6ADF}.Release|Any CPU.Build.0 = Release|Any CPU
		{AA159659-6988-4A37-B849-8F2C090E415C}.Debug|Any CPU.ActiveCfg = Debug|Any CPU
		{AA159659-6988-4A37-B849-8F2C090E415C}.Debug|Any CPU.Build.0 = Debug|Any CPU
		{AA159659-6988-4A37-B849-8F2C090E415C}.Release|Any CPU.ActiveCfg = Release|Any CPU
		{AA159659-6988-4A37-B849-8F2C090E415C}.Release|Any CPU.Build.0 = Release|Any CPU
		{8984953E-7540-4F93-919B-139A6A7C7A07}.Debug|Any CPU.ActiveCfg = Debug|Any CPU
		{8984953E-7540-4F93-919B-139A6A7C7A07}.Debug|Any CPU.Build.0 = Debug|Any CPU
		{8984953E-7540-4F93-919B-139A6A7C7A07}.Release|Any CPU.ActiveCfg = Release|Any CPU
		{8984953E-7540-4F93-919B-139A6A7C7A07}.Release|Any CPU.Build.0 = Release|Any CPU
		{402F5C4E-504A-4B1E-A881-0C4CFFD3D6ED}.Debug|Any CPU.ActiveCfg = Debug|Any CPU
		{402F5C4E-504A-4B1E-A881-0C4CFFD3D6ED}.Debug|Any CPU.Build.0 = Debug|Any CPU
		{402F5C4E-504A-4B1E-A881-0C4CFFD3D6ED}.Release|Any CPU.ActiveCfg = Release|Any CPU
		{402F5C4E-504A-4B1E-A881-0C4CFFD3D6ED}.Release|Any CPU.Build.0 = Release|Any CPU
		{7D1D757D-531B-49F0-8F63-B4E3563BE606}.Debug|Any CPU.ActiveCfg = Debug|Any CPU
		{7D1D757D-531B-49F0-8F63-B4E3563BE606}.Debug|Any CPU.Build.0 = Debug|Any CPU
		{7D1D757D-531B-49F0-8F63-B4E3563BE606}.Release|Any CPU.ActiveCfg = Release|Any CPU
		{7D1D757D-531B-49F0-8F63-B4E3563BE606}.Release|Any CPU.Build.0 = Release|Any CPU
	EndGlobalSection
	GlobalSection(SolutionProperties) = preSolution
		HideSolutionNode = FALSE
	EndGlobalSection
EndGlobal
